{
  "pins" : [
    {
      "identity" : "filesugar",
      "kind" : "remoteSourceControl",
      "location" : "https://github.com/eonist/FileSugar.git",
      "state" : {
        "branch" : "master",
        "revision" : "c2b801b6afa82283e11ba4e534d21f0e472e89c8"
      }
    },
    {
      "identity" : "jsonsugar",
      "kind" : "remoteSourceControl",
      "location" : "https://github.com/eonist/JSONSugar.git",
      "state" : {
        "branch" : "master",
        "revision" : "eb8b5d19253ccb9e7ebe6cebbf81546c38dd6ed0"
      }
    },
    {
      "identity" : "logger",
      "kind" : "remoteSourceControl",
      "location" : "https://github.com/sentryco/Logger.git",
      "state" : {
        "branch" : "main",
        "revision" : "e2e9ed1895b93c17b70f855c757268aead6dd36b"
      }
    }
  ],
  "version" : 2
}
